{
  "name": "parse-any-int",
  "version": "0.0.0",
  "lockfileVersion": 2,
  "requires": true,
  "packages": {
    "": {
      "version": "0.0.0",
      "license": "CC0-1.0",
      "dependencies": {
        "is-integer-string": "^0.0.0"
      }
    },
    "node_modules/is-integer-string": {
      "version": "0.0.0",
      "resolved": "https://registry.npmjs.org/is-integer-string/-/is-integer-string-0.0.0.tgz",
      "integrity": "sha512-TOdCaPfs9dA0son/wYD4RqSjU5u1BW6ZMATTk2ENv7euZHfjICWXUFSERK+wQcQChe8ZSLwx1MKNK29nlyNUvQ=="
    }
  },
  "dependencies": {
    "is-integer-string": {
      "version": "0.0.0",
      "resolved": "https://registry.npmjs.org/is-integer-string/-/is-integer-string-0.0.0.tgz",
      "integrity": "sha512-TOdCaPfs9dA0son/wYD4RqSjU5u1BW6ZMATTk2ENv7euZHfjICWXUFSERK+wQcQChe8ZSLwx1MKNK29nlyNUvQ=="
    }
  }
}
