{
  "name": "parse-any-int",
  "version": "0.0.0",
  "lockfileVersion": 2,
  "requires": true,
  "packages": {
    "": {
      "name": "parse-any-int",
      "version": "0.0.0",
      "license": "CC0-1.0",
      "dependencies": {
        "is-integer-string": "^0.0.2"
      },
      "devDependencies": {
        "flug": "^2.1.0"
      }
    },
    "node_modules/flug": {
      "version": "2.1.0",
      "resolved": "https://registry.npmjs.org/flug/-/flug-2.1.0.tgz",
      "integrity": "sha512-2cYLCvJpeScx5/5xN/nGiJR2i7ZzN+1ipk/YoreQQGDgHkD1Do8F8/1eyzaUSwNsOB551FNWDQpWZWOKTy1nyQ==",
      "dev": true
    },
    "node_modules/is-integer-string": {
      "version": "0.0.2",
      "resolved": "https://registry.npmjs.org/is-integer-string/-/is-integer-string-0.0.2.tgz",
      "integrity": "sha512-u0gucvA3Nare5q8/XU8/gpE6e9mf+9eUuVWpIAnndZ4FutJ92x7sWGzR0A7nYBvJIMn23CLd6SPlT6XNyopsJg=="
    }
  },
  "dependencies": {
    "flug": {
      "version": "2.1.0",
      "resolved": "https://registry.npmjs.org/flug/-/flug-2.1.0.tgz",
      "integrity": "sha512-2cYLCvJpeScx5/5xN/nGiJR2i7ZzN+1ipk/YoreQQGDgHkD1Do8F8/1eyzaUSwNsOB551FNWDQpWZWOKTy1nyQ==",
      "dev": true
    },
    "is-integer-string": {
      "version": "0.0.2",
      "resolved": "https://registry.npmjs.org/is-integer-string/-/is-integer-string-0.0.2.tgz",
      "integrity": "sha512-u0gucvA3Nare5q8/XU8/gpE6e9mf+9eUuVWpIAnndZ4FutJ92x7sWGzR0A7nYBvJIMn23CLd6SPlT6XNyopsJg=="
    }
  }
}
